Microsoft Visual Studio Solution File, Format Version 12.00
# Visual Studio Version 17
VisualStudioVersion = 17.5.2.0
MinimumVisualStudioVersion = 10.0.40219.1
Project("{FAE04EC0-301F-11D3-BF4B-00C04F79EFBC}") = "nbaplayers", "nbaplayers.csproj", "{8A58906D-09AE-9BD3-4CD6-C280193276EF}"
EndProject
Global
	GlobalSection(SolutionConfigurationPlatforms) = preSolution
		Debug|Any CPU = Debug|Any CPU
		Release|Any CPU = Release|Any CPU
	EndGlobalSection
	GlobalSection(ProjectConfigurationPlatforms) = postSolution
		{8A58906D-09AE-9BD3-4CD6-C280193276EF}.Debug|Any CPU.ActiveCfg = Debug|Any CPU
		{8A58906D-09AE-9BD3-4CD6-C280193276EF}.Debug|Any CPU.Build.0 = Debug|Any CPU
		{8A58906D-09AE-9BD3-4CD6-C280193276EF}.Release|Any CPU.ActiveCfg = Release|Any CPU
		{8A58906D-09AE-9BD3-4CD6-C280193276EF}.Release|Any CPU.Build.0 = Release|Any CPU
	EndGlobalSection
	GlobalSection(SolutionProperties) = preSolution
		HideSolutionNode = FALSE
	EndGlobalSection
	GlobalSection(ExtensibilityGlobals) = postSolution
		SolutionGuid = {C9F10619-CD6B-461C-A24B-9E00CFD4CA4F}
	EndGlobalSection
EndGlobal
